
Microsoft Visual Studio Solution File, Format Version 12.00
# Visual Studio Version 17
VisualStudioVersion = 17.7.34024.191
MinimumVisualStudioVersion = 10.0.40219.1
Project("{8BC9CEB8-8B4A-11D0-8D11-00A0C91BC942}") = "ReversingList", "ReversingList\ReversingList.vcxproj", "{23593D03-F9F3-415B-B491-29760336DCBF}"
EndProject
Global
	GlobalSection(SolutionConfigurationPlatforms) = preSolution
		Debug|x64 = Debug|x64
		Debug|x86 = Debug|x86
		Release|x64 = Release|x64
		Release|x86 = Release|x86
	EndGlobalSection
	GlobalSection(ProjectConfigurationPlatforms) = postSolution
		{23593D03-F9F3-415B-B491-29760336DCBF}.Debug|x64.ActiveCfg = Debug|x64
		{23593D03-F9F3-415B-B491-29760336DCBF}.Debug|x64.Build.0 = Debug|x64
		{23593D03-F9F3-415B-B491-29760336DCBF}.Debug|x86.ActiveCfg = Debug|Win32
		{23593D03-F9F3-415B-B491-29760336DCBF}.Debug|x86.Build.0 = Debug|Win32
		{23593D03-F9F3-415B-B491-29760336DCBF}.Release|x64.ActiveCfg = Release|x64
		{23593D03-F9F3-415B-B491-29760336DCBF}.Release|x64.Build.0 = Release|x64
		{23593D03-F9F3-415B-B491-29760336DCBF}.Release|x86.ActiveCfg = Release|Win32
		{23593D03-F9F3-415B-B491-29760336DCBF}.Release|x86.Build.0 = Release|Win32
	EndGlobalSection
	GlobalSection(SolutionProperties) = preSolution
		HideSolutionNode = FALSE
	EndGlobalSection
	GlobalSection(ExtensibilityGlobals) = postSolution
		SolutionGuid = {9A95C99D-183C-4174-978D-C8B23C06550D}
	EndGlobalSection
EndGlobal
